
Microsoft Visual Studio Solution File, Format Version 12.00
# Visual Studio Version 16
VisualStudioVersion = 16.0.29025.244
MinimumVisualStudioVersion = 10.0.40219.1
Project("{9A19103F-16F7-4668-BE54-9A1E7A4F7556}") = "AzureFunctionsDiSample", "AzureFunctionsDiSample\AzureFunctionsDiSample.csproj", "{7CEE5193-BDC7-4347-BF51-659AE076992B}"
EndProject
Project("{FAE04EC0-301F-11D3-BF4B-00C04F79EFBC}") = "AzureFunctionsDiSample.Test", "AzureFunctionsDiSample.Test\AzureFunctionsDiSample.Test.csproj", "{819EECE2-08B4-40FA-90E3-F049A9264BEE}"
EndProject
Global
	GlobalSection(SolutionConfigurationPlatforms) = preSolution
		Debug|Any CPU = Debug|Any CPU
		Release|Any CPU = Release|Any CPU
	EndGlobalSection
	GlobalSection(ProjectConfigurationPlatforms) = postSolution
		{7CEE5193-BDC7-4347-BF51-659AE076992B}.Debug|Any CPU.ActiveCfg = Debug|Any CPU
		{7CEE5193-BDC7-4347-BF51-659AE076992B}.Debug|Any CPU.Build.0 = Debug|Any CPU
		{7CEE5193-BDC7-4347-BF51-659AE076992B}.Release|Any CPU.ActiveCfg = Release|Any CPU
		{7CEE5193-BDC7-4347-BF51-659AE076992B}.Release|Any CPU.Build.0 = Release|Any CPU
		{819EECE2-08B4-40FA-90E3-F049A9264BEE}.Debug|Any CPU.ActiveCfg = Debug|Any CPU
		{819EECE2-08B4-40FA-90E3-F049A9264BEE}.Debug|Any CPU.Build.0 = Debug|Any CPU
		{819EECE2-08B4-40FA-90E3-F049A9264BEE}.Release|Any CPU.ActiveCfg = Release|Any CPU
		{819EECE2-08B4-40FA-90E3-F049A9264BEE}.Release|Any CPU.Build.0 = Release|Any CPU
	EndGlobalSection
	GlobalSection(SolutionProperties) = preSolution
		HideSolutionNode = FALSE
	EndGlobalSection
	GlobalSection(ExtensibilityGlobals) = postSolution
		SolutionGuid = {4DEFDE3A-EAE3-41E5-BEA5-82581B4D63E1}
	EndGlobalSection
EndGlobal
